// !$*UTF8*$!
{
	archiveVersion = 1;
	classes = {
	};
	objectVersion = 46;
	objects = {

/* Begin PBXBuildFile section */
		6AE236601A1BF000003D47FD /* main.cpp in Sources */ = {isa = PBXBuildFile; fileRef = 6AE2365F1A1BF000003D47FD /* main.cpp */; };
		6AE2367C1A1E93F1003D47FD /* player.cpp in Sources */ = {isa = PBXBuildFile; fileRef = 6AE2367B1A1E93F1003D47FD /* player.cpp */; };
		6AE2367E1A1E950B003D47FD /* game.cpp in Sources */ = {isa = PBXBuildFile; fileRef = 6AE2367D1A1E950B003D47FD /* game.cpp */; };
/* End PBXBuildFile section */

/* Begin PBXCopyFilesBuildPhase section */
		6AE2365A1A1BF000003D47FD /* CopyFiles */ = {
			isa = PBXCopyFilesBuildPhase;
			buildActionMask = 2147483647;
			dstPath = /usr/share/man/man1/;
			dstSubfolderSpec = 0;
			files = (
			);
			runOnlyForDeploymentPostprocessing = 1;
		};
/* End PBXCopyFilesBuildPhase section */

/* Begin PBXFileReference section */
		6AE2365C1A1BF000003D47FD /* helloWorld */ = {isa = PBXFileReference; explicitFileType = "compiled.mach-o.executable"; includeInIndex = 0; path = helloWorld; sourceTree = BUILT_PRODUCTS_DIR; };
		6AE2365F1A1BF000003D47FD /* main.cpp */ = {isa = PBXFileReference; lastKnownFileType = sourcecode.cpp.cpp; path = main.cpp; sourceTree = "<group>"; };
		6AE236791A1DC830003D47FD /* player.h */ = {isa = PBXFileReference; lastKnownFileType = sourcecode.c.h; path = player.h; sourceTree = "<group>"; };
		6AE2367A1A1E8AF1003D47FD /* game.h */ = {isa = PBXFileReference; lastKnownFileType = sourcecode.c.h; path = game.h; sourceTree = "<group>"; };
		6AE2367B1A1E93F1003D47FD /* player.cpp */ = {isa = PBXFileReference; fileEncoding = 4; lastKnownFileType = sourcecode.cpp.cpp; path = player.cpp; sourceTree = "<group>"; };
		6AE2367D1A1E950B003D47FD /* game.cpp */ = {isa = PBXFileReference; fileEncoding = 4; lastKnownFileType = sourcecode.cpp.cpp; path = game.cpp; sourceTree = "<group>"; };
/* End PBXFileReference section */

/* Begin PBXFrameworksBuildPhase section */
		6AE236591A1BF000003D47FD /* Frameworks */ = {
			isa = PBXFrameworksBuildPhase;
			buildActionMask = 2147483647;
			files = (
			);
			runOnlyForDeploymentPostprocessing = 0;
		};
/* End PBXFrameworksBuildPhase section */

/* Begin PBXGroup section */
		6AE236531A1BF000003D47FD = {
			isa = PBXGroup;
			children = (
				6AE2365E1A1BF000003D47FD /* hangman */,
				6AE2365D1A1BF000003D47FD /* Products */,
			);
			sourceTree = "<group>";
		};
		6AE2365D1A1BF000003D47FD /* Products */ = {
			isa = PBXGroup;
			children = (
				6AE2365C1A1BF000003D47FD /* helloWorld */,
			);
			name = Products;
			sourceTree = "<group>";
		};
		6AE2365E1A1BF000003D47FD /* hangman */ = {
			isa = PBXGroup;
			children = (
				6AE2365F1A1BF000003D47FD /* main.cpp */,
				6AE236791A1DC830003D47FD /* player.h */,
				6AE2367A1A1E8AF1003D47FD /* game.h */,
				6AE2367B1A1E93F1003D47FD /* player.cpp */,
				6AE2367D1A1E950B003D47FD /* game.cpp */,
			);
			name = hangman;
			path = helloWorld;
			sourceTree = "<group>";
		};
/* End PBXGroup section */

/* Begin PBXNativeTarget section */
		6AE2365B1A1BF000003D47FD /* helloWorld */ = {
			isa = PBXNativeTarget;
			buildConfigurationList = 6AE236631A1BF000003D47FD /* Build configuration list for PBXNativeTarget "helloWorld" */;
			buildPhases = (
				6AE236581A1BF000003D47FD /* Sources */,
				6AE236591A1BF000003D47FD /* Frameworks */,
				6AE2365A1A1BF000003D47FD /* CopyFiles */,
			);
			buildRules = (
			);
			dependencies = (
			);
			name = helloWorld;
			productName = helloWorld;
			productReference = 6AE2365C1A1BF000003D47FD /* helloWorld */;
			productType = "com.apple.product-type.tool";
		};
/* End PBXNativeTarget section */

/* Begin PBXProject section */
		6AE236541A1BF000003D47FD /* Project object */ = {
			isa = PBXProject;
			attributes = {
				LastUpgradeCheck = 0610;
				ORGANIZATIONNAME = "Hannah Cobb";
				TargetAttributes = {
					6AE2365B1A1BF000003D47FD = {
						CreatedOnToolsVersion = 6.1;
					};
				};
			};
			buildConfigurationList = 6AE236571A1BF000003D47FD /* Build configuration list for PBXProject "helloWorld" */;
			compatibilityVersion = "Xcode 3.2";
			developmentRegion = English;
			hasScannedForEncodings = 0;
			knownRegions = (
				en,
			);
			mainGroup = 6AE236531A1BF000003D47FD;
			productRefGroup = 6AE2365D1A1BF000003D47FD /* Products */;
			projectDirPath = "";
			projectRoot = "";
			targets = (
				6AE2365B1A1BF000003D47FD /* helloWorld */,
			);
		};
/* End PBXProject section */

/* Begin PBXSourcesBuildPhase section */
		6AE236581A1BF000003D47FD /* Sources */ = {
			isa = PBXSourcesBuildPhase;
			buildActionMask = 2147483647;
			files = (
				6AE2367C1A1E93F1003D47FD /* player.cpp in Sources */,
				6AE236601A1BF000003D47FD /* main.cpp in Sources */,
				6AE2367E1A1E950B003D47FD /* game.cpp in Sources */,
			);
			runOnlyForDeploymentPostprocessing = 0;
		};
/* End PBXSourcesBuildPhase section */

/* Begin XCBuildConfiguration section */
		6AE236611A1BF000003D47FD /* Debug */ = {
			isa = XCBuildConfiguration;
			buildSettings = {
				ALWAYS_SEARCH_USER_PATHS = NO;
				CLANG_CXX_LANGUAGE_STANDARD = "gnu++0x";
				CLANG_CXX_LIBRARY = "libc++";
				CLANG_ENABLE_MODULES = YES;
				CLANG_ENABLE_OBJC_ARC = YES;
				CLANG_WARN_BOOL_CONVERSION = YES;
				CLANG_WARN_CONSTANT_CONVERSION = YES;
				CLANG_WARN_DIRECT_OBJC_ISA_USAGE = YES_ERROR;
				CLANG_WARN_EMPTY_BODY = YES;
				CLANG_WARN_ENUM_CONVERSION = YES;
				CLANG_WARN_INT_CONVERSION = YES;
				CLANG_WARN_OBJC_ROOT_CLASS = YES_ERROR;
				CLANG_WARN_UNREACHABLE_CODE = YES;
				CLANG_WARN__DUPLICATE_METHOD_MATCH = YES;
				COPY_PHASE_STRIP = NO;
				ENABLE_STRICT_OBJC_MSGSEND = YES;
				GCC_C_LANGUAGE_STANDARD = gnu99;
				GCC_DYNAMIC_NO_PIC = NO;
				GCC_OPTIMIZATION_LEVEL = 0;
				GCC_PREPROCESSOR_DEFINITIONS = (
					"DEBUG=1",
					"$(inherited)",
				);
				GCC_SYMBOLS_PRIVATE_EXTERN = NO;
				GCC_WARN_64_TO_32_BIT_CONVERSION = YES;
				GCC_WARN_ABOUT_RETURN_TYPE = YES_ERROR;
				GCC_WARN_UNDECLARED_SELECTOR = YES;
				GCC_WARN_UNINITIALIZED_AUTOS = YES_AGGRESSIVE;
				GCC_WARN_UNUSED_FUNCTION = YES;
				GCC_WARN_UNUSED_VARIABLE = YES;
				MACOSX_DEPLOYMENT_TARGET = 10.10;
				MTL_ENABLE_DEBUG_INFO = YES;
				ONLY_ACTIVE_ARCH = YES;
				SDKROOT = macosx;
			};
			name = Debug;
		};
		6AE236621A1BF000003D47FD /* Release */ = {
			isa = XCBuildConfiguration;
			buildSettings = {
				ALWAYS_SEARCH_USER_PATHS = NO;
				CLANG_CXX_LANGUAGE_STANDARD = "gnu++0x";
				CLANG_CXX_LIBRARY = "libc++";
				CLANG_ENABLE_MODULES = YES;
				CLANG_ENABLE_OBJC_ARC = YES;
				CLANG_WARN_BOOL_CONVERSION = YES;
				CLANG_WARN_CONSTANT_CONVERSION = YES;
				CLANG_WARN_DIRECT_OBJC_ISA_USAGE = YES_ERROR;
				CLANG_WARN_EMPTY_BODY = YES;
				CLANG_WARN_ENUM_CONVERSION = YES;
				CLANG_WARN_INT_CONVERSION = YES;
				CLANG_WARN_OBJC_ROOT_CLASS = YES_ERROR;
				CLANG_WARN_UNREACHABLE_CODE = YES;
				CLANG_WARN__DUPLICATE_METHOD_MATCH = YES;
				COPY_PHASE_STRIP = YES;
				DEBUG_INFORMATION_FORMAT = "dwarf-with-dsym";
				ENABLE_NS_ASSERTIONS = NO;
				ENABLE_STRICT_OBJC_MSGSEND = YES;
				GCC_C_LANGUAGE_STANDARD = gnu99;
				GCC_WARN_64_TO_32_BIT_CONVERSION = YES;
				GCC_WARN_ABOUT_RETURN_TYPE = YES_ERROR;
				GCC_WARN_UNDECLARED_SELECTOR = YES;
				GCC_WARN_UNINITIALIZED_AUTOS = YES_AGGRESSIVE;
				GCC_WARN_UNUSED_FUNCTION = YES;
				GCC_WARN_UNUSED_VARIABLE = YES;
				MACOSX_DEPLOYMENT_TARGET = 10.10;
				MTL_ENABLE_DEBUG_INFO = NO;
				SDKROOT = macosx;
			};
			name = Release;
		};
		6AE236641A1BF000003D47FD /* Debug */ = {
			isa = XCBuildConfiguration;
			buildSettings = {
				PRODUCT_NAME = "$(TARGET_NAME)";
			};
			name = Debug;
		};
		6AE236651A1BF000003D47FD /* Release */ = {
			isa = XCBuildConfiguration;
			buildSettings = {
				PRODUCT_NAME = "$(TARGET_NAME)";
			};
			name = Release;
		};
/* End XCBuildConfiguration section */

/* Begin XCConfigurationList section */
		6AE236571A1BF000003D47FD /* Build configuration list for PBXProject "helloWorld" */ = {
			isa = XCConfigurationList;
			buildConfigurations = (
				6AE236611A1BF000003D47FD /* Debug */,
				6AE236621A1BF000003D47FD /* Release */,
			);
			defaultConfigurationIsVisible = 0;
			defaultConfigurationName = Release;
		};
		6AE236631A1BF000003D47FD /* Build configuration list for PBXNativeTarget "helloWorld" */ = {
			isa = XCConfigurationList;
			buildConfigurations = (
				6AE236641A1BF000003D47FD /* Debug */,
				6AE236651A1BF000003D47FD /* Release */,
			);
			defaultConfigurationIsVisible = 0;
			defaultConfigurationName = Release;
		};
/* End XCConfigurationList section */
	};
	rootObject = 6AE236541A1BF000003D47FD /* Project object */;
}
